
Microsoft Visual Studio Solution File, Format Version 12.00
# Visual Studio Version 17
VisualStudioVersion = 17.13.35931.197 d17.13
MinimumVisualStudioVersion = 10.0.40219.1
Project("{FAE04EC0-301F-11D3-BF4B-00C04F79EFBC}") = "TooliRentAPI", "TooliRentAPI\TooliRentAPI.csproj", "{55140AA9-B74D-40A1-97EF-F7B515BD101F}"
	ProjectSection(ProjectDependencies) = postProject
		{07FD3AD7-EC0E-4D51-BF4A-094205255FC8} = {07FD3AD7-EC0E-4D51-BF4A-094205255FC8}
	EndProjectSection
EndProject
Project("{FAE04EC0-301F-11D3-BF4B-00C04F79EFBC}") = "TooliRentClassLibrary", "TooliRentClassLibrary\TooliRentClassLibrary.csproj", "{07FD3AD7-EC0E-4D51-BF4A-094205255FC8}"
EndProject
Global
	GlobalSection(SolutionConfigurationPlatforms) = preSolution
		Debug|Any CPU = Debug|Any CPU
		Release|Any CPU = Release|Any CPU
	EndGlobalSection
	GlobalSection(ProjectConfigurationPlatforms) = postSolution
		{55140AA9-B74D-40A1-97EF-F7B515BD101F}.Debug|Any CPU.ActiveCfg = Debug|Any CPU
		{55140AA9-B74D-40A1-97EF-F7B515BD101F}.Debug|Any CPU.Build.0 = Debug|Any CPU
		{55140AA9-B74D-40A1-97EF-F7B515BD101F}.Release|Any CPU.ActiveCfg = Release|Any CPU
		{55140AA9-B74D-40A1-97EF-F7B515BD101F}.Release|Any CPU.Build.0 = Release|Any CPU
		{07FD3AD7-EC0E-4D51-BF4A-094205255FC8}.Debug|Any CPU.ActiveCfg = Debug|Any CPU
		{07FD3AD7-EC0E-4D51-BF4A-094205255FC8}.Debug|Any CPU.Build.0 = Debug|Any CPU
		{07FD3AD7-EC0E-4D51-BF4A-094205255FC8}.Release|Any CPU.ActiveCfg = Release|Any CPU
		{07FD3AD7-EC0E-4D51-BF4A-094205255FC8}.Release|Any CPU.Build.0 = Release|Any CPU
	EndGlobalSection
	GlobalSection(SolutionProperties) = preSolution
		HideSolutionNode = FALSE
	EndGlobalSection
	GlobalSection(ExtensibilityGlobals) = postSolution
		SolutionGuid = {E92835E7-F44E-4F45-B295-17005BB4EB17}
	EndGlobalSection
EndGlobal
